// !$*UTF8*$!
{
	archiveVersion = 1;
	classes = {
	};
	objectVersion = 50;
	objects = {

/* Begin PBXBuildFile section */
		300905440ABC482C1989CF22 /* Pods_breakpoint.framework in Frameworks */ = {isa = PBXBuildFile; fileRef = 97688B84050C9541118C2CEA /* Pods_breakpoint.framework */; };
		AC162492207933BF0051DBB3 /* Constants.swift in Sources */ = {isa = PBXBuildFile; fileRef = AC162491207933BF0051DBB3 /* Constants.swift */; };
		AC162496207943650051DBB3 /* AuthController.swift in Sources */ = {isa = PBXBuildFile; fileRef = AC162495207943650051DBB3 /* AuthController.swift */; };
		AC162498207943BF0051DBB3 /* LoginController.swift in Sources */ = {isa = PBXBuildFile; fileRef = AC162497207943BF0051DBB3 /* LoginController.swift */; };
		AC16249A207943FB0051DBB3 /* InsetTextField.swift in Sources */ = {isa = PBXBuildFile; fileRef = AC162499207943FB0051DBB3 /* InsetTextField.swift */; };
		AC16249C207948A70051DBB3 /* ShadowView.swift in Sources */ = {isa = PBXBuildFile; fileRef = AC16249B207948A70051DBB3 /* ShadowView.swift */; };
		AC16249E20794F990051DBB3 /* AuthService.swift in Sources */ = {isa = PBXBuildFile; fileRef = AC16249D20794F990051DBB3 /* AuthService.swift */; };
		ACA8E70A20792E570067BC7C /* AppDelegate.swift in Sources */ = {isa = PBXBuildFile; fileRef = ACA8E70920792E570067BC7C /* AppDelegate.swift */; };
		ACA8E70C20792E570067BC7C /* FeedController.swift in Sources */ = {isa = PBXBuildFile; fileRef = ACA8E70B20792E570067BC7C /* FeedController.swift */; };
		ACA8E70E20792E570067BC7C /* GroupsController.swift in Sources */ = {isa = PBXBuildFile; fileRef = ACA8E70D20792E570067BC7C /* GroupsController.swift */; };
		ACA8E71120792E570067BC7C /* Main.storyboard in Resources */ = {isa = PBXBuildFile; fileRef = ACA8E70F20792E570067BC7C /* Main.storyboard */; };
		ACA8E71320792E590067BC7C /* Assets.xcassets in Resources */ = {isa = PBXBuildFile; fileRef = ACA8E71220792E590067BC7C /* Assets.xcassets */; };
		ACA8E71620792E590067BC7C /* LaunchScreen.storyboard in Resources */ = {isa = PBXBuildFile; fileRef = ACA8E71420792E590067BC7C /* LaunchScreen.storyboard */; };
		ACA8E724207930200067BC7C /* GoogleService-Info.plist in Resources */ = {isa = PBXBuildFile; fileRef = ACA8E723207930200067BC7C /* GoogleService-Info.plist */; };
		ACA8E7282079330D0067BC7C /* DataService.swift in Sources */ = {isa = PBXBuildFile; fileRef = ACA8E7272079330D0067BC7C /* DataService.swift */; };
/* End PBXBuildFile section */

/* Begin PBXFileReference section */
		97688B84050C9541118C2CEA /* Pods_breakpoint.framework */ = {isa = PBXFileReference; explicitFileType = wrapper.framework; includeInIndex = 0; path = Pods_breakpoint.framework; sourceTree = BUILT_PRODUCTS_DIR; };
		AC162491207933BF0051DBB3 /* Constants.swift */ = {isa = PBXFileReference; lastKnownFileType = sourcecode.swift; path = Constants.swift; sourceTree = "<group>"; };
		AC162495207943650051DBB3 /* AuthController.swift */ = {isa = PBXFileReference; lastKnownFileType = sourcecode.swift; path = AuthController.swift; sourceTree = "<group>"; };
		AC162497207943BF0051DBB3 /* LoginController.swift */ = {isa = PBXFileReference; lastKnownFileType = sourcecode.swift; path = LoginController.swift; sourceTree = "<group>"; };
		AC162499207943FB0051DBB3 /* InsetTextField.swift */ = {isa = PBXFileReference; lastKnownFileType = sourcecode.swift; path = InsetTextField.swift; sourceTree = "<group>"; };
		AC16249B207948A70051DBB3 /* ShadowView.swift */ = {isa = PBXFileReference; lastKnownFileType = sourcecode.swift; path = ShadowView.swift; sourceTree = "<group>"; };
		AC16249D20794F990051DBB3 /* AuthService.swift */ = {isa = PBXFileReference; lastKnownFileType = sourcecode.swift; path = AuthService.swift; sourceTree = "<group>"; };
		ACA8E70620792E570067BC7C /* breakpoint.app */ = {isa = PBXFileReference; explicitFileType = wrapper.application; includeInIndex = 0; path = breakpoint.app; sourceTree = BUILT_PRODUCTS_DIR; };
		ACA8E70920792E570067BC7C /* AppDelegate.swift */ = {isa = PBXFileReference; lastKnownFileType = sourcecode.swift; path = AppDelegate.swift; sourceTree = "<group>"; };
		ACA8E70B20792E570067BC7C /* FeedController.swift */ = {isa = PBXFileReference; lastKnownFileType = sourcecode.swift; path = FeedController.swift; sourceTree = "<group>"; };
		ACA8E70D20792E570067BC7C /* GroupsController.swift */ = {isa = PBXFileReference; lastKnownFileType = sourcecode.swift; path = GroupsController.swift; sourceTree = "<group>"; };
		ACA8E71020792E570067BC7C /* Base */ = {isa = PBXFileReference; lastKnownFileType = file.storyboard; name = Base; path = Base.lproj/Main.storyboard; sourceTree = "<group>"; };
		ACA8E71220792E590067BC7C /* Assets.xcassets */ = {isa = PBXFileReference; lastKnownFileType = folder.assetcatalog; path = Assets.xcassets; sourceTree = "<group>"; };
		ACA8E71520792E590067BC7C /* Base */ = {isa = PBXFileReference; lastKnownFileType = file.storyboard; name = Base; path = Base.lproj/LaunchScreen.storyboard; sourceTree = "<group>"; };
		ACA8E71720792E590067BC7C /* Info.plist */ = {isa = PBXFileReference; lastKnownFileType = text.plist.xml; path = Info.plist; sourceTree = "<group>"; };
		ACA8E723207930200067BC7C /* GoogleService-Info.plist */ = {isa = PBXFileReference; fileEncoding = 4; lastKnownFileType = text.plist.xml; path = "GoogleService-Info.plist"; sourceTree = "<group>"; };
		ACA8E7272079330D0067BC7C /* DataService.swift */ = {isa = PBXFileReference; lastKnownFileType = sourcecode.swift; path = DataService.swift; sourceTree = "<group>"; };
		DF78FAE487FF229E628F1C38 /* Pods-breakpoint.debug.xcconfig */ = {isa = PBXFileReference; includeInIndex = 1; lastKnownFileType = text.xcconfig; name = "Pods-breakpoint.debug.xcconfig"; path = "Pods/Target Support Files/Pods-breakpoint/Pods-breakpoint.debug.xcconfig"; sourceTree = "<group>"; };
		E3EA9EE08A90182B5B9A55E0 /* Pods-breakpoint.release.xcconfig */ = {isa = PBXFileReference; includeInIndex = 1; lastKnownFileType = text.xcconfig; name = "Pods-breakpoint.release.xcconfig"; path = "Pods/Target Support Files/Pods-breakpoint/Pods-breakpoint.release.xcconfig"; sourceTree = "<group>"; };
/* End PBXFileReference section */

/* Begin PBXFrameworksBuildPhase section */
		ACA8E70320792E570067BC7C /* Frameworks */ = {
			isa = PBXFrameworksBuildPhase;
			buildActionMask = 2147483647;
			files = (
				300905440ABC482C1989CF22 /* Pods_breakpoint.framework in Frameworks */,
			);
			runOnlyForDeploymentPostprocessing = 0;
		};
/* End PBXFrameworksBuildPhase section */

/* Begin PBXGroup section */
		08FC863F8AF036B09F7D651A /* Frameworks */ = {
			isa = PBXGroup;
			children = (
				97688B84050C9541118C2CEA /* Pods_breakpoint.framework */,
			);
			name = Frameworks;
			sourceTree = "<group>";
		};
		4D6FF4A299D547AF4F8E4DB5 /* Pods */ = {
			isa = PBXGroup;
			children = (
				DF78FAE487FF229E628F1C38 /* Pods-breakpoint.debug.xcconfig */,
				E3EA9EE08A90182B5B9A55E0 /* Pods-breakpoint.release.xcconfig */,
			);
			name = Pods;
			sourceTree = "<group>";
		};
		AC1624902079339B0051DBB3 /* Utilities */ = {
			isa = PBXGroup;
			children = (
				AC162491207933BF0051DBB3 /* Constants.swift */,
			);
			path = Utilities;
			sourceTree = "<group>";
		};
		ACA8E6FD20792E570067BC7C = {
			isa = PBXGroup;
			children = (
				ACA8E70820792E570067BC7C /* breakpoint */,
				ACA8E70720792E570067BC7C /* Products */,
				4D6FF4A299D547AF4F8E4DB5 /* Pods */,
				08FC863F8AF036B09F7D651A /* Frameworks */,
			);
			sourceTree = "<group>";
		};
		ACA8E70720792E570067BC7C /* Products */ = {
			isa = PBXGroup;
			children = (
				ACA8E70620792E570067BC7C /* breakpoint.app */,
			);
			name = Products;
			sourceTree = "<group>";
		};
		ACA8E70820792E570067BC7C /* breakpoint */ = {
			isa = PBXGroup;
			children = (
				AC1624902079339B0051DBB3 /* Utilities */,
				ACA8E72220792F270067BC7C /* Services */,
				ACA8E72120792F070067BC7C /* Extensions */,
				ACA8E72020792EEE0067BC7C /* Resources */,
				ACA8E71F20792EE30067BC7C /* Models */,
				ACA8E71E20792EDA0067BC7C /* Views */,
				ACA8E71D20792ED30067BC7C /* Controllers */,
				ACA8E70920792E570067BC7C /* AppDelegate.swift */,
				ACA8E723207930200067BC7C /* GoogleService-Info.plist */,
				ACA8E71720792E590067BC7C /* Info.plist */,
			);
			path = breakpoint;
			sourceTree = "<group>";
		};
		ACA8E71D20792ED30067BC7C /* Controllers */ = {
			isa = PBXGroup;
			children = (
				ACA8E70B20792E570067BC7C /* FeedController.swift */,
				ACA8E70D20792E570067BC7C /* GroupsController.swift */,
				AC162495207943650051DBB3 /* AuthController.swift */,
				AC162497207943BF0051DBB3 /* LoginController.swift */,
			);
			path = Controllers;
			sourceTree = "<group>";
		};
		ACA8E71E20792EDA0067BC7C /* Views */ = {
			isa = PBXGroup;
			children = (
				AC162499207943FB0051DBB3 /* InsetTextField.swift */,
				AC16249B207948A70051DBB3 /* ShadowView.swift */,
			);
			path = Views;
			sourceTree = "<group>";
		};
		ACA8E71F20792EE30067BC7C /* Models */ = {
			isa = PBXGroup;
			children = (
			);
			path = Models;
			sourceTree = "<group>";
		};
		ACA8E72020792EEE0067BC7C /* Resources */ = {
			isa = PBXGroup;
			children = (
				ACA8E70F20792E570067BC7C /* Main.storyboard */,
				ACA8E71220792E590067BC7C /* Assets.xcassets */,
				ACA8E71420792E590067BC7C /* LaunchScreen.storyboard */,
			);
			path = Resources;
			sourceTree = "<group>";
		};
		ACA8E72120792F070067BC7C /* Extensions */ = {
			isa = PBXGroup;
			children = (
			);
			path = Extensions;
			sourceTree = "<group>";
		};
		ACA8E72220792F270067BC7C /* Services */ = {
			isa = PBXGroup;
			children = (
				ACA8E7272079330D0067BC7C /* DataService.swift */,
				AC16249D20794F990051DBB3 /* AuthService.swift */,
			);
			path = Services;
			sourceTree = "<group>";
		};
/* End PBXGroup section */

/* Begin PBXNativeTarget section */
		ACA8E70520792E570067BC7C /* breakpoint */ = {
			isa = PBXNativeTarget;
			buildConfigurationList = ACA8E71A20792E590067BC7C /* Build configuration list for PBXNativeTarget "breakpoint" */;
			buildPhases = (
				DA11D0621E190E5CF9F1EB02 /* [CP] Check Pods Manifest.lock */,
				ACA8E70220792E570067BC7C /* Sources */,
				ACA8E70320792E570067BC7C /* Frameworks */,
				ACA8E70420792E570067BC7C /* Resources */,
				85DBEAA0BC70CEB98DE87409 /* [CP] Embed Pods Frameworks */,
				27A7E10269D3D198A6991449 /* [CP] Copy Pods Resources */,
			);
			buildRules = (
			);
			dependencies = (
			);
			name = breakpoint;
			productName = breakpoint;
			productReference = ACA8E70620792E570067BC7C /* breakpoint.app */;
			productType = "com.apple.product-type.application";
		};
/* End PBXNativeTarget section */

/* Begin PBXProject section */
		ACA8E6FE20792E570067BC7C /* Project object */ = {
			isa = PBXProject;
			attributes = {
				LastSwiftUpdateCheck = 0930;
				LastUpgradeCheck = 0930;
				ORGANIZATIONNAME = "TFH Inc";
				TargetAttributes = {
					ACA8E70520792E570067BC7C = {
						CreatedOnToolsVersion = 9.3;
					};
				};
			};
			buildConfigurationList = ACA8E70120792E570067BC7C /* Build configuration list for PBXProject "breakpoint" */;
			compatibilityVersion = "Xcode 9.3";
			developmentRegion = en;
			hasScannedForEncodings = 0;
			knownRegions = (
				en,
				Base,
			);
			mainGroup = ACA8E6FD20792E570067BC7C;
			productRefGroup = ACA8E70720792E570067BC7C /* Products */;
			projectDirPath = "";
			projectRoot = "";
			targets = (
				ACA8E70520792E570067BC7C /* breakpoint */,
			);
		};
/* End PBXProject section */

/* Begin PBXResourcesBuildPhase section */
		ACA8E70420792E570067BC7C /* Resources */ = {
			isa = PBXResourcesBuildPhase;
			buildActionMask = 2147483647;
			files = (
				ACA8E71620792E590067BC7C /* LaunchScreen.storyboard in Resources */,
				ACA8E724207930200067BC7C /* GoogleService-Info.plist in Resources */,
				ACA8E71320792E590067BC7C /* Assets.xcassets in Resources */,
				ACA8E71120792E570067BC7C /* Main.storyboard in Resources */,
			);
			runOnlyForDeploymentPostprocessing = 0;
		};
/* End PBXResourcesBuildPhase section */

/* Begin PBXShellScriptBuildPhase section */
		27A7E10269D3D198A6991449 /* [CP] Copy Pods Resources */ = {
			isa = PBXShellScriptBuildPhase;
			buildActionMask = 2147483647;
			files = (
			);
			inputPaths = (
			);
			name = "[CP] Copy Pods Resources";
			outputPaths = (
			);
			runOnlyForDeploymentPostprocessing = 0;
			shellPath = /bin/sh;
			shellScript = "\"${SRCROOT}/Pods/Target Support Files/Pods-breakpoint/Pods-breakpoint-resources.sh\"\n";
			showEnvVarsInLog = 0;
		};
		85DBEAA0BC70CEB98DE87409 /* [CP] Embed Pods Frameworks */ = {
			isa = PBXShellScriptBuildPhase;
			buildActionMask = 2147483647;
			files = (
			);
			inputPaths = (
				"${SRCROOT}/Pods/Target Support Files/Pods-breakpoint/Pods-breakpoint-frameworks.sh",
				"${BUILT_PRODUCTS_DIR}/GTMSessionFetcher/GTMSessionFetcher.framework",
				"${BUILT_PRODUCTS_DIR}/GoogleToolboxForMac/GoogleToolboxForMac.framework",
				"${BUILT_PRODUCTS_DIR}/leveldb-library/leveldb.framework",
				"${BUILT_PRODUCTS_DIR}/nanopb/nanopb.framework",
			);
			name = "[CP] Embed Pods Frameworks";
			outputPaths = (
				"${TARGET_BUILD_DIR}/${FRAMEWORKS_FOLDER_PATH}/GTMSessionFetcher.framework",
				"${TARGET_BUILD_DIR}/${FRAMEWORKS_FOLDER_PATH}/GoogleToolboxForMac.framework",
				"${TARGET_BUILD_DIR}/${FRAMEWORKS_FOLDER_PATH}/leveldb.framework",
				"${TARGET_BUILD_DIR}/${FRAMEWORKS_FOLDER_PATH}/nanopb.framework",
			);
			runOnlyForDeploymentPostprocessing = 0;
			shellPath = /bin/sh;
			shellScript = "\"${SRCROOT}/Pods/Target Support Files/Pods-breakpoint/Pods-breakpoint-frameworks.sh\"\n";
			showEnvVarsInLog = 0;
		};
		DA11D0621E190E5CF9F1EB02 /* [CP] Check Pods Manifest.lock */ = {
			isa = PBXShellScriptBuildPhase;
			buildActionMask = 2147483647;
			files = (
			);
			inputPaths = (
				"${PODS_PODFILE_DIR_PATH}/Podfile.lock",
				"${PODS_ROOT}/Manifest.lock",
			);
			name = "[CP] Check Pods Manifest.lock";
			outputPaths = (
				"$(DERIVED_FILE_DIR)/Pods-breakpoint-checkManifestLockResult.txt",
			);
			runOnlyForDeploymentPostprocessing = 0;
			shellPath = /bin/sh;
			shellScript = "diff \"${PODS_PODFILE_DIR_PATH}/Podfile.lock\" \"${PODS_ROOT}/Manifest.lock\" > /dev/null\nif [ $? != 0 ] ; then\n    # print error to STDERR\n    echo \"error: The sandbox is not in sync with the Podfile.lock. Run 'pod install' or update your CocoaPods installation.\" >&2\n    exit 1\nfi\n# This output is used by Xcode 'outputs' to avoid re-running this script phase.\necho \"SUCCESS\" > \"${SCRIPT_OUTPUT_FILE_0}\"\n";
			showEnvVarsInLog = 0;
		};
/* End PBXShellScriptBuildPhase section */

/* Begin PBXSourcesBuildPhase section */
		ACA8E70220792E570067BC7C /* Sources */ = {
			isa = PBXSourcesBuildPhase;
			buildActionMask = 2147483647;
			files = (
				AC16249C207948A70051DBB3 /* ShadowView.swift in Sources */,
				AC162492207933BF0051DBB3 /* Constants.swift in Sources */,
				AC162496207943650051DBB3 /* AuthController.swift in Sources */,
				ACA8E70E20792E570067BC7C /* GroupsController.swift in Sources */,
				AC16249A207943FB0051DBB3 /* InsetTextField.swift in Sources */,
				AC16249E20794F990051DBB3 /* AuthService.swift in Sources */,
				ACA8E70A20792E570067BC7C /* AppDelegate.swift in Sources */,
				ACA8E70C20792E570067BC7C /* FeedController.swift in Sources */,
				ACA8E7282079330D0067BC7C /* DataService.swift in Sources */,
				AC162498207943BF0051DBB3 /* LoginController.swift in Sources */,
			);
			runOnlyForDeploymentPostprocessing = 0;
		};
/* End PBXSourcesBuildPhase section */

/* Begin PBXVariantGroup section */
		ACA8E70F20792E570067BC7C /* Main.storyboard */ = {
			isa = PBXVariantGroup;
			children = (
				ACA8E71020792E570067BC7C /* Base */,
			);
			name = Main.storyboard;
			sourceTree = "<group>";
		};
		ACA8E71420792E590067BC7C /* LaunchScreen.storyboard */ = {
			isa = PBXVariantGroup;
			children = (
				ACA8E71520792E590067BC7C /* Base */,
			);
			name = LaunchScreen.storyboard;
			sourceTree = "<group>";
		};
/* End PBXVariantGroup section */

/* Begin XCBuildConfiguration section */
		ACA8E71820792E590067BC7C /* Debug */ = {
			isa = XCBuildConfiguration;
			buildSettings = {
				ALWAYS_SEARCH_USER_PATHS = NO;
				CLANG_ANALYZER_NONNULL = YES;
				CLANG_ANALYZER_NUMBER_OBJECT_CONVERSION = YES_AGGRESSIVE;
				CLANG_CXX_LANGUAGE_STANDARD = "gnu++14";
				CLANG_CXX_LIBRARY = "libc++";
				CLANG_ENABLE_MODULES = YES;
				CLANG_ENABLE_OBJC_ARC = YES;
				CLANG_ENABLE_OBJC_WEAK = YES;
				CLANG_WARN_BLOCK_CAPTURE_AUTORELEASING = YES;
				CLANG_WARN_BOOL_CONVERSION = YES;
				CLANG_WARN_COMMA = YES;
				CLANG_WARN_CONSTANT_CONVERSION = YES;
				CLANG_WARN_DEPRECATED_OBJC_IMPLEMENTATIONS = YES;
				CLANG_WARN_DIRECT_OBJC_ISA_USAGE = YES_ERROR;
				CLANG_WARN_DOCUMENTATION_COMMENTS = YES;
				CLANG_WARN_EMPTY_BODY = YES;
				CLANG_WARN_ENUM_CONVERSION = YES;
				CLANG_WARN_INFINITE_RECURSION = YES;
				CLANG_WARN_INT_CONVERSION = YES;
				CLANG_WARN_NON_LITERAL_NULL_CONVERSION = YES;
				CLANG_WARN_OBJC_IMPLICIT_RETAIN_SELF = YES;
				CLANG_WARN_OBJC_LITERAL_CONVERSION = YES;
				CLANG_WARN_OBJC_ROOT_CLASS = YES_ERROR;
				CLANG_WARN_RANGE_LOOP_ANALYSIS = YES;
				CLANG_WARN_STRICT_PROTOTYPES = YES;
				CLANG_WARN_SUSPICIOUS_MOVE = YES;
				CLANG_WARN_UNGUARDED_AVAILABILITY = YES_AGGRESSIVE;
				CLANG_WARN_UNREACHABLE_CODE = YES;
				CLANG_WARN__DUPLICATE_METHOD_MATCH = YES;
				CODE_SIGN_IDENTITY = "iPhone Developer";
				COPY_PHASE_STRIP = NO;
				DEBUG_INFORMATION_FORMAT = dwarf;
				ENABLE_STRICT_OBJC_MSGSEND = YES;
				ENABLE_TESTABILITY = YES;
				GCC_C_LANGUAGE_STANDARD = gnu11;
				GCC_DYNAMIC_NO_PIC = NO;
				GCC_NO_COMMON_BLOCKS = YES;
				GCC_OPTIMIZATION_LEVEL = 0;
				GCC_PREPROCESSOR_DEFINITIONS = (
					"DEBUG=1",
					"$(inherited)",
				);
				GCC_WARN_64_TO_32_BIT_CONVERSION = YES;
				GCC_WARN_ABOUT_RETURN_TYPE = YES_ERROR;
				GCC_WARN_UNDECLARED_SELECTOR = YES;
				GCC_WARN_UNINITIALIZED_AUTOS = YES_AGGRESSIVE;
				GCC_WARN_UNUSED_FUNCTION = YES;
				GCC_WARN_UNUSED_VARIABLE = YES;
				IPHONEOS_DEPLOYMENT_TARGET = 11.3;
				MTL_ENABLE_DEBUG_INFO = YES;
				ONLY_ACTIVE_ARCH = YES;
				SDKROOT = iphoneos;
				SWIFT_ACTIVE_COMPILATION_CONDITIONS = DEBUG;
				SWIFT_OPTIMIZATION_LEVEL = "-Onone";
			};
			name = Debug;
		};
		ACA8E71920792E590067BC7C /* Release */ = {
			isa = XCBuildConfiguration;
			buildSettings = {
				ALWAYS_SEARCH_USER_PATHS = NO;
				CLANG_ANALYZER_NONNULL = YES;
				CLANG_ANALYZER_NUMBER_OBJECT_CONVERSION = YES_AGGRESSIVE;
				CLANG_CXX_LANGUAGE_STANDARD = "gnu++14";
				CLANG_CXX_LIBRARY = "libc++";
				CLANG_ENABLE_MODULES = YES;
				CLANG_ENABLE_OBJC_ARC = YES;
				CLANG_ENABLE_OBJC_WEAK = YES;
				CLANG_WARN_BLOCK_CAPTURE_AUTORELEASING = YES;
				CLANG_WARN_BOOL_CONVERSION = YES;
				CLANG_WARN_COMMA = YES;
				CLANG_WARN_CONSTANT_CONVERSION = YES;
				CLANG_WARN_DEPRECATED_OBJC_IMPLEMENTATIONS = YES;
				CLANG_WARN_DIRECT_OBJC_ISA_USAGE = YES_ERROR;
				CLANG_WARN_DOCUMENTATION_COMMENTS = YES;
				CLANG_WARN_EMPTY_BODY = YES;
				CLANG_WARN_ENUM_CONVERSION = YES;
				CLANG_WARN_INFINITE_RECURSION = YES;
				CLANG_WARN_INT_CONVERSION = YES;
				CLANG_WARN_NON_LITERAL_NULL_CONVERSION = YES;
				CLANG_WARN_OBJC_IMPLICIT_RETAIN_SELF = YES;
				CLANG_WARN_OBJC_LITERAL_CONVERSION = YES;
				CLANG_WARN_OBJC_ROOT_CLASS = YES_ERROR;
				CLANG_WARN_RANGE_LOOP_ANALYSIS = YES;
				CLANG_WARN_STRICT_PROTOTYPES = YES;
				CLANG_WARN_SUSPICIOUS_MOVE = YES;
				CLANG_WARN_UNGUARDED_AVAILABILITY = YES_AGGRESSIVE;
				CLANG_WARN_UNREACHABLE_CODE = YES;
				CLANG_WARN__DUPLICATE_METHOD_MATCH = YES;
				CODE_SIGN_IDENTITY = "iPhone Developer";
				COPY_PHASE_STRIP = NO;
				DEBUG_INFORMATION_FORMAT = "dwarf-with-dsym";
				ENABLE_NS_ASSERTIONS = NO;
				ENABLE_STRICT_OBJC_MSGSEND = YES;
				GCC_C_LANGUAGE_STANDARD = gnu11;
				GCC_NO_COMMON_BLOCKS = YES;
				GCC_WARN_64_TO_32_BIT_CONVERSION = YES;
				GCC_WARN_ABOUT_RETURN_TYPE = YES_ERROR;
				GCC_WARN_UNDECLARED_SELECTOR = YES;
				GCC_WARN_UNINITIALIZED_AUTOS = YES_AGGRESSIVE;
				GCC_WARN_UNUSED_FUNCTION = YES;
				GCC_WARN_UNUSED_VARIABLE = YES;
				IPHONEOS_DEPLOYMENT_TARGET = 11.3;
				MTL_ENABLE_DEBUG_INFO = NO;
				SDKROOT = iphoneos;
				SWIFT_COMPILATION_MODE = wholemodule;
				SWIFT_OPTIMIZATION_LEVEL = "-O";
				VALIDATE_PRODUCT = YES;
			};
			name = Release;
		};
		ACA8E71B20792E590067BC7C /* Debug */ = {
			isa = XCBuildConfiguration;
			baseConfigurationReference = DF78FAE487FF229E628F1C38 /* Pods-breakpoint.debug.xcconfig */;
			buildSettings = {
				ASSETCATALOG_COMPILER_APPICON_NAME = AppIcon;
				CODE_SIGN_STYLE = Automatic;
				DEVELOPMENT_TEAM = G87HUM96UL;
				INFOPLIST_FILE = breakpoint/Info.plist;
				LD_RUNPATH_SEARCH_PATHS = (
					"$(inherited)",
					"@executable_path/Frameworks",
				);
				PRODUCT_BUNDLE_IDENTIFIER = com.theflawlesshack.breakpoint;
				PRODUCT_NAME = "$(TARGET_NAME)";
				SWIFT_VERSION = 4.0;
				TARGETED_DEVICE_FAMILY = "1,2";
			};
			name = Debug;
		};
		ACA8E71C20792E590067BC7C /* Release */ = {
			isa = XCBuildConfiguration;
			baseConfigurationReference = E3EA9EE08A90182B5B9A55E0 /* Pods-breakpoint.release.xcconfig */;
			buildSettings = {
				ASSETCATALOG_COMPILER_APPICON_NAME = AppIcon;
				CODE_SIGN_STYLE = Automatic;
				DEVELOPMENT_TEAM = G87HUM96UL;
				INFOPLIST_FILE = breakpoint/Info.plist;
				LD_RUNPATH_SEARCH_PATHS = (
					"$(inherited)",
					"@executable_path/Frameworks",
				);
				PRODUCT_BUNDLE_IDENTIFIER = com.theflawlesshack.breakpoint;
				PRODUCT_NAME = "$(TARGET_NAME)";
				SWIFT_VERSION = 4.0;
				TARGETED_DEVICE_FAMILY = "1,2";
			};
			name = Release;
		};
/* End XCBuildConfiguration section */

/* Begin XCConfigurationList section */
		ACA8E70120792E570067BC7C /* Build configuration list for PBXProject "breakpoint" */ = {
			isa = XCConfigurationList;
			buildConfigurations = (
				ACA8E71820792E590067BC7C /* Debug */,
				ACA8E71920792E590067BC7C /* Release */,
			);
			defaultConfigurationIsVisible = 0;
			defaultConfigurationName = Release;
		};
		ACA8E71A20792E590067BC7C /* Build configuration list for PBXNativeTarget "breakpoint" */ = {
			isa = XCConfigurationList;
			buildConfigurations = (
				ACA8E71B20792E590067BC7C /* Debug */,
				ACA8E71C20792E590067BC7C /* Release */,
			);
			defaultConfigurationIsVisible = 0;
			defaultConfigurationName = Release;
		};
/* End XCConfigurationList section */
	};
	rootObject = ACA8E6FE20792E570067BC7C /* Project object */;
}
